
Microsoft Visual Studio Solution File, Format Version 12.00
# Visual Studio Version 17
VisualStudioVersion = 17.3.32804.467
MinimumVisualStudioVersion = 10.0.40219.1
Project("{FAE04EC0-301F-11D3-BF4B-00C04F79EFBC}") = "newproject", "newproject\newproject.csproj", "{9FD4591F-EC0A-43BE-9458-86AFA18925CE}"
EndProject
Project("{FAE04EC0-301F-11D3-BF4B-00C04F79EFBC}") = "TestProject1", "TestProject1\TestProject1.csproj", "{3CE2EAAD-CD5F-4CD0-8E82-DDF50DDC9EAD}"
EndProject
Global
	GlobalSection(SolutionConfigurationPlatforms) = preSolution
		Debug|Any CPU = Debug|Any CPU
		Release|Any CPU = Release|Any CPU
	EndGlobalSection
	GlobalSection(ProjectConfigurationPlatforms) = postSolution
		{9FD4591F-EC0A-43BE-9458-86AFA18925CE}.Debug|Any CPU.ActiveCfg = Debug|Any CPU
		{9FD4591F-EC0A-43BE-9458-86AFA18925CE}.Debug|Any CPU.Build.0 = Debug|Any CPU
		{9FD4591F-EC0A-43BE-9458-86AFA18925CE}.Release|Any CPU.ActiveCfg = Release|Any CPU
		{9FD4591F-EC0A-43BE-9458-86AFA18925CE}.Release|Any CPU.Build.0 = Release|Any CPU
		{3CE2EAAD-CD5F-4CD0-8E82-DDF50DDC9EAD}.Debug|Any CPU.ActiveCfg = Debug|Any CPU
		{3CE2EAAD-CD5F-4CD0-8E82-DDF50DDC9EAD}.Debug|Any CPU.Build.0 = Debug|Any CPU
		{3CE2EAAD-CD5F-4CD0-8E82-DDF50DDC9EAD}.Release|Any CPU.ActiveCfg = Release|Any CPU
		{3CE2EAAD-CD5F-4CD0-8E82-DDF50DDC9EAD}.Release|Any CPU.Build.0 = Release|Any CPU
	EndGlobalSection
	GlobalSection(SolutionProperties) = preSolution
		HideSolutionNode = FALSE
	EndGlobalSection
	GlobalSection(ExtensibilityGlobals) = postSolution
		SolutionGuid = {9C06D470-83E1-4E68-B8EE-F4973042E903}
	EndGlobalSection
EndGlobal
